
Microsoft Visual Studio Solution File, Format Version 12.00
# Visual Studio 14
VisualStudioVersion = 14.0.25123.0
MinimumVisualStudioVersion = 10.0.40219.1
Project("{FAE04EC0-301F-11D3-BF4B-00C04F79EFBC}") = "DeploymentFlow", "DeploymentFlow\DeploymentFlow.csproj", "{8F5D9CCD-98C2-4681-BDFE-70493E89F04E}"
EndProject
Project("{FAE04EC0-301F-11D3-BF4B-00C04F79EFBC}") = "DeploymentFlow.Tests", "DeploymentFlow.Tests\DeploymentFlow.Tests.csproj", "{A83C3079-C702-43DF-B15C-CB10D29C86FF}"
EndProject
Project("{FAE04EC0-301F-11D3-BF4B-00C04F79EFBC}") = "DeploymentManagerWPF", "DeploymentManagerWPF\DeploymentManagerWPF.csproj", "{946DE057-115A-4D5F-80D7-D2E30ACD3D5B}"
EndProject
Project("{FAE04EC0-301F-11D3-BF4B-00C04F79EFBC}") = "SkypeTest", "SkypeTest\SkypeTest.csproj", "{B474929A-C589-4AF8-AFB7-F192F523C20C}"
EndProject
Project("{FAE04EC0-301F-11D3-BF4B-00C04F79EFBC}") = "DoubleQuoter", "DoubleQuoter\DoubleQuoter.csproj", "{B6F95939-55A6-4D80-A320-2296264210B2}"
EndProject
Project("{FAE04EC0-301F-11D3-BF4B-00C04F79EFBC}") = "SkypeMessengerProvider", "SkypeMessengerProvider\SkypeMessengerProvider.csproj", "{B20A01B9-59DD-4A09-AE5D-DD9A13675FC7}"
EndProject
Global
	GlobalSection(SolutionConfigurationPlatforms) = preSolution
		Debug|Any CPU = Debug|Any CPU
		Release|Any CPU = Release|Any CPU
	EndGlobalSection
	GlobalSection(ProjectConfigurationPlatforms) = postSolution
		{8F5D9CCD-98C2-4681-BDFE-70493E89F04E}.Debug|Any CPU.ActiveCfg = Debug|Any CPU
		{8F5D9CCD-98C2-4681-BDFE-70493E89F04E}.Debug|Any CPU.Build.0 = Debug|Any CPU
		{8F5D9CCD-98C2-4681-BDFE-70493E89F04E}.Release|Any CPU.ActiveCfg = Release|Any CPU
		{8F5D9CCD-98C2-4681-BDFE-70493E89F04E}.Release|Any CPU.Build.0 = Release|Any CPU
		{A83C3079-C702-43DF-B15C-CB10D29C86FF}.Debug|Any CPU.ActiveCfg = Debug|Any CPU
		{A83C3079-C702-43DF-B15C-CB10D29C86FF}.Debug|Any CPU.Build.0 = Debug|Any CPU
		{A83C3079-C702-43DF-B15C-CB10D29C86FF}.Release|Any CPU.ActiveCfg = Release|Any CPU
		{A83C3079-C702-43DF-B15C-CB10D29C86FF}.Release|Any CPU.Build.0 = Release|Any CPU
		{946DE057-115A-4D5F-80D7-D2E30ACD3D5B}.Debug|Any CPU.ActiveCfg = Debug|Any CPU
		{946DE057-115A-4D5F-80D7-D2E30ACD3D5B}.Debug|Any CPU.Build.0 = Debug|Any CPU
		{946DE057-115A-4D5F-80D7-D2E30ACD3D5B}.Release|Any CPU.ActiveCfg = Release|Any CPU
		{946DE057-115A-4D5F-80D7-D2E30ACD3D5B}.Release|Any CPU.Build.0 = Release|Any CPU
		{B474929A-C589-4AF8-AFB7-F192F523C20C}.Debug|Any CPU.ActiveCfg = Debug|Any CPU
		{B474929A-C589-4AF8-AFB7-F192F523C20C}.Debug|Any CPU.Build.0 = Debug|Any CPU
		{B474929A-C589-4AF8-AFB7-F192F523C20C}.Release|Any CPU.ActiveCfg = Release|Any CPU
		{B474929A-C589-4AF8-AFB7-F192F523C20C}.Release|Any CPU.Build.0 = Release|Any CPU
		{B6F95939-55A6-4D80-A320-2296264210B2}.Debug|Any CPU.ActiveCfg = Debug|Any CPU
		{B6F95939-55A6-4D80-A320-2296264210B2}.Debug|Any CPU.Build.0 = Debug|Any CPU
		{B6F95939-55A6-4D80-A320-2296264210B2}.Release|Any CPU.ActiveCfg = Release|Any CPU
		{B6F95939-55A6-4D80-A320-2296264210B2}.Release|Any CPU.Build.0 = Release|Any CPU
		{B20A01B9-59DD-4A09-AE5D-DD9A13675FC7}.Debug|Any CPU.ActiveCfg = Debug|Any CPU
		{B20A01B9-59DD-4A09-AE5D-DD9A13675FC7}.Debug|Any CPU.Build.0 = Debug|Any CPU
		{B20A01B9-59DD-4A09-AE5D-DD9A13675FC7}.Release|Any CPU.ActiveCfg = Release|Any CPU
		{B20A01B9-59DD-4A09-AE5D-DD9A13675FC7}.Release|Any CPU.Build.0 = Release|Any CPU
	EndGlobalSection
	GlobalSection(SolutionProperties) = preSolution
		HideSolutionNode = FALSE
	EndGlobalSection
EndGlobal
