
Microsoft Visual Studio Solution File, Format Version 12.00
# Visual Studio 14
VisualStudioVersion = 14.0.25123.0
MinimumVisualStudioVersion = 10.0.40219.1
Project("{FAE04EC0-301F-11D3-BF4B-00C04F79EFBC}") = "DeploymentFlow", "DeploymentFlow\DeploymentFlow.csproj", "{8F5D9CCD-98C2-4681-BDFE-70493E89F04E}"
EndProject
Project("{FAE04EC0-301F-11D3-BF4B-00C04F79EFBC}") = "DeploymentFlow.Tests", "DeploymentFlow.Tests\DeploymentFlow.Tests.csproj", "{A83C3079-C702-43DF-B15C-CB10D29C86FF}"
EndProject
Project("{FAE04EC0-301F-11D3-BF4B-00C04F79EFBC}") = "DeploymentManagerWPF", "DeploymentManagerWPF\DeploymentManagerWPF.csproj", "{946DE057-115A-4D5F-80D7-D2E30ACD3D5B}"
EndProject
Project("{FAE04EC0-301F-11D3-BF4B-00C04F79EFBC}") = "DoubleQuoter", "DoubleQuoter\DoubleQuoter.csproj", "{B6F95939-55A6-4D80-A320-2296264210B2}"
EndProject
Project("{FAE04EC0-301F-11D3-BF4B-00C04F79EFBC}") = "SkypeMessengerProvider", "SkypeMessengerProvider\SkypeMessengerProvider.csproj", "{B20A01B9-59DD-4A09-AE5D-DD9A13675FC7}"
EndProject
Project("{FAE04EC0-301F-11D3-BF4B-00C04F79EFBC}") = "Contracts", "Contracts\Contracts.csproj", "{64CA7DD0-BB2F-46D7-BC4E-91DB31A4E75D}"
EndProject
Project("{FAE04EC0-301F-11D3-BF4B-00C04F79EFBC}") = "ScriptCreator", "ScriptCreator\ScriptCreator.csproj", "{23C5D7DD-FE4D-46D8-9ACC-1015195038D6}"
EndProject
Project("{FAE04EC0-301F-11D3-BF4B-00C04F79EFBC}") = "ScriptCreator.Tests", "ScriptCreator.Tests\ScriptCreator.Tests.csproj", "{CA0E957F-2ABD-4A7A-BB2F-B2F5E226C629}"
EndProject
Project("{FAE04EC0-301F-11D3-BF4B-00C04F79EFBC}") = "ScriptGenerator", "ScriptGenerator\ScriptGenerator.csproj", "{C5207B1F-0D56-4562-B5B8-EB9338FA9420}"
EndProject
Global
	GlobalSection(SolutionConfigurationPlatforms) = preSolution
		Debug|Any CPU = Debug|Any CPU
		Release|Any CPU = Release|Any CPU
	EndGlobalSection
	GlobalSection(ProjectConfigurationPlatforms) = postSolution
		{8F5D9CCD-98C2-4681-BDFE-70493E89F04E}.Debug|Any CPU.ActiveCfg = Debug|Any CPU
		{8F5D9CCD-98C2-4681-BDFE-70493E89F04E}.Debug|Any CPU.Build.0 = Debug|Any CPU
		{8F5D9CCD-98C2-4681-BDFE-70493E89F04E}.Release|Any CPU.ActiveCfg = Release|Any CPU
		{8F5D9CCD-98C2-4681-BDFE-70493E89F04E}.Release|Any CPU.Build.0 = Release|Any CPU
		{A83C3079-C702-43DF-B15C-CB10D29C86FF}.Debug|Any CPU.ActiveCfg = Debug|Any CPU
		{A83C3079-C702-43DF-B15C-CB10D29C86FF}.Debug|Any CPU.Build.0 = Debug|Any CPU
		{A83C3079-C702-43DF-B15C-CB10D29C86FF}.Release|Any CPU.ActiveCfg = Release|Any CPU
		{A83C3079-C702-43DF-B15C-CB10D29C86FF}.Release|Any CPU.Build.0 = Release|Any CPU
		{946DE057-115A-4D5F-80D7-D2E30ACD3D5B}.Debug|Any CPU.ActiveCfg = Debug|Any CPU
		{946DE057-115A-4D5F-80D7-D2E30ACD3D5B}.Debug|Any CPU.Build.0 = Debug|Any CPU
		{946DE057-115A-4D5F-80D7-D2E30ACD3D5B}.Release|Any CPU.ActiveCfg = Release|Any CPU
		{946DE057-115A-4D5F-80D7-D2E30ACD3D5B}.Release|Any CPU.Build.0 = Release|Any CPU
		{B6F95939-55A6-4D80-A320-2296264210B2}.Debug|Any CPU.ActiveCfg = Debug|Any CPU
		{B6F95939-55A6-4D80-A320-2296264210B2}.Debug|Any CPU.Build.0 = Debug|Any CPU
		{B6F95939-55A6-4D80-A320-2296264210B2}.Release|Any CPU.ActiveCfg = Release|Any CPU
		{B6F95939-55A6-4D80-A320-2296264210B2}.Release|Any CPU.Build.0 = Release|Any CPU
		{B20A01B9-59DD-4A09-AE5D-DD9A13675FC7}.Debug|Any CPU.ActiveCfg = Debug|Any CPU
		{B20A01B9-59DD-4A09-AE5D-DD9A13675FC7}.Debug|Any CPU.Build.0 = Debug|Any CPU
		{B20A01B9-59DD-4A09-AE5D-DD9A13675FC7}.Release|Any CPU.ActiveCfg = Release|Any CPU
		{B20A01B9-59DD-4A09-AE5D-DD9A13675FC7}.Release|Any CPU.Build.0 = Release|Any CPU
		{64CA7DD0-BB2F-46D7-BC4E-91DB31A4E75D}.Debug|Any CPU.ActiveCfg = Debug|Any CPU
		{64CA7DD0-BB2F-46D7-BC4E-91DB31A4E75D}.Debug|Any CPU.Build.0 = Debug|Any CPU
		{64CA7DD0-BB2F-46D7-BC4E-91DB31A4E75D}.Release|Any CPU.ActiveCfg = Release|Any CPU
		{64CA7DD0-BB2F-46D7-BC4E-91DB31A4E75D}.Release|Any CPU.Build.0 = Release|Any CPU
		{23C5D7DD-FE4D-46D8-9ACC-1015195038D6}.Debug|Any CPU.ActiveCfg = Debug|Any CPU
		{23C5D7DD-FE4D-46D8-9ACC-1015195038D6}.Debug|Any CPU.Build.0 = Debug|Any CPU
		{23C5D7DD-FE4D-46D8-9ACC-1015195038D6}.Release|Any CPU.ActiveCfg = Release|Any CPU
		{23C5D7DD-FE4D-46D8-9ACC-1015195038D6}.Release|Any CPU.Build.0 = Release|Any CPU
		{CA0E957F-2ABD-4A7A-BB2F-B2F5E226C629}.Debug|Any CPU.ActiveCfg = Debug|Any CPU
		{CA0E957F-2ABD-4A7A-BB2F-B2F5E226C629}.Debug|Any CPU.Build.0 = Debug|Any CPU
		{CA0E957F-2ABD-4A7A-BB2F-B2F5E226C629}.Release|Any CPU.ActiveCfg = Release|Any CPU
		{CA0E957F-2ABD-4A7A-BB2F-B2F5E226C629}.Release|Any CPU.Build.0 = Release|Any CPU
		{C5207B1F-0D56-4562-B5B8-EB9338FA9420}.Debug|Any CPU.ActiveCfg = Debug|Any CPU
		{C5207B1F-0D56-4562-B5B8-EB9338FA9420}.Debug|Any CPU.Build.0 = Debug|Any CPU
		{C5207B1F-0D56-4562-B5B8-EB9338FA9420}.Release|Any CPU.ActiveCfg = Release|Any CPU
		{C5207B1F-0D56-4562-B5B8-EB9338FA9420}.Release|Any CPU.Build.0 = Release|Any CPU
	EndGlobalSection
	GlobalSection(SolutionProperties) = preSolution
		HideSolutionNode = FALSE
	EndGlobalSection
EndGlobal
